
Microsoft Visual Studio Solution File, Format Version 12.00
# Visual Studio Version 17
VisualStudioVersion = 17.8.34330.188
MinimumVisualStudioVersion = 10.0.40219.1
Project("{FAE04EC0-301F-11D3-BF4B-00C04F79EFBC}") = "Task3", "Task3.csproj", "{8AFCD20E-1464-4C73-B1AA-05EF5293B16E}"
EndProject
Global
	GlobalSection(SolutionConfigurationPlatforms) = preSolution
		Debug|Any CPU = Debug|Any CPU
		Release|Any CPU = Release|Any CPU
	EndGlobalSection
	GlobalSection(ProjectConfigurationPlatforms) = postSolution
		{8AFCD20E-1464-4C73-B1AA-05EF5293B16E}.Debug|Any CPU.ActiveCfg = Debug|Any CPU
		{8AFCD20E-1464-4C73-B1AA-05EF5293B16E}.Debug|Any CPU.Build.0 = Debug|Any CPU
		{8AFCD20E-1464-4C73-B1AA-05EF5293B16E}.Release|Any CPU.ActiveCfg = Release|Any CPU
		{8AFCD20E-1464-4C73-B1AA-05EF5293B16E}.Release|Any CPU.Build.0 = Release|Any CPU
	EndGlobalSection
	GlobalSection(SolutionProperties) = preSolution
		HideSolutionNode = FALSE
	EndGlobalSection
	GlobalSection(ExtensibilityGlobals) = postSolution
		SolutionGuid = {2DE9633B-86BF-4E90-A0DB-10D16A115E3A}
	EndGlobalSection
EndGlobal
